
Microsoft Visual Studio Solution File, Format Version 12.00
# Visual Studio Version 17
VisualStudioVersion = 17.4.33213.308
MinimumVisualStudioVersion = 10.0.40219.1
Project("{9A19103F-16F7-4668-BE54-9A1E7A4F7556}") = "HolyShip.Console", "HolyShip.Console\HolyShip.Console.csproj", "{C835F4B8-414C-472D-AA37-E99FD57570F1}"
EndProject
Project("{9A19103F-16F7-4668-BE54-9A1E7A4F7556}") = "HolyShip.Logic", "HolyShip.Logic\HolyShip.Logic.csproj", "{6613A36D-517E-4374-BA5C-2961AFF0E45A}"
EndProject
Project("{2150E333-8FDC-42A3-9474-1A3956D46DE8}") = "Testers", "Testers", "{F9841EA7-9005-4CE4-A1CD-34DA6B10C6B2}"
EndProject
Project("{9A19103F-16F7-4668-BE54-9A1E7A4F7556}") = "HolyShip.MapTester", "HolyShip.MapTester\HolyShip.MapTester.csproj", "{ED895EE4-53BA-446C-B306-32BED7847A66}"
EndProject
Global
	GlobalSection(SolutionConfigurationPlatforms) = preSolution
		Debug|Any CPU = Debug|Any CPU
		Release|Any CPU = Release|Any CPU
	EndGlobalSection
	GlobalSection(ProjectConfigurationPlatforms) = postSolution
		{C835F4B8-414C-472D-AA37-E99FD57570F1}.Debug|Any CPU.ActiveCfg = Debug|Any CPU
		{C835F4B8-414C-472D-AA37-E99FD57570F1}.Debug|Any CPU.Build.0 = Debug|Any CPU
		{C835F4B8-414C-472D-AA37-E99FD57570F1}.Release|Any CPU.ActiveCfg = Release|Any CPU
		{C835F4B8-414C-472D-AA37-E99FD57570F1}.Release|Any CPU.Build.0 = Release|Any CPU
		{6613A36D-517E-4374-BA5C-2961AFF0E45A}.Debug|Any CPU.ActiveCfg = Debug|Any CPU
		{6613A36D-517E-4374-BA5C-2961AFF0E45A}.Debug|Any CPU.Build.0 = Debug|Any CPU
		{6613A36D-517E-4374-BA5C-2961AFF0E45A}.Release|Any CPU.ActiveCfg = Release|Any CPU
		{6613A36D-517E-4374-BA5C-2961AFF0E45A}.Release|Any CPU.Build.0 = Release|Any CPU
		{ED895EE4-53BA-446C-B306-32BED7847A66}.Debug|Any CPU.ActiveCfg = Debug|Any CPU
		{ED895EE4-53BA-446C-B306-32BED7847A66}.Debug|Any CPU.Build.0 = Debug|Any CPU
		{ED895EE4-53BA-446C-B306-32BED7847A66}.Release|Any CPU.ActiveCfg = Release|Any CPU
		{ED895EE4-53BA-446C-B306-32BED7847A66}.Release|Any CPU.Build.0 = Release|Any CPU
	EndGlobalSection
	GlobalSection(SolutionProperties) = preSolution
		HideSolutionNode = FALSE
	EndGlobalSection
	GlobalSection(NestedProjects) = preSolution
		{ED895EE4-53BA-446C-B306-32BED7847A66} = {F9841EA7-9005-4CE4-A1CD-34DA6B10C6B2}
	EndGlobalSection
	GlobalSection(ExtensibilityGlobals) = postSolution
		SolutionGuid = {BB5EBEC2-F2E2-469D-A91F-0A04BB6FC8DE}
	EndGlobalSection
EndGlobal
